# This file is automatically @generated by Cargo.
# It is not intended for manual editing.
version = 4

[[package]]
name = "hello-headless"
version = "0.2.0-alpha.1"
dependencies = [
 "rmf-core",
 "rmf-reconciliation",
 "rmf-renderer-headless",
 "rmf-runtime",
]

[[package]]
name = "rmf-bench"
version = "0.2.0-alpha.1"
dependencies = [
 "rmf-core",
 "rmf-reconciliation",
 "rmf-renderer-headless",
 "rmf-runtime",
]

[[package]]
name = "rmf-core"
version = "0.2.0-alpha.1"

[[package]]
name = "rmf-renderer-headless"
version = "0.2.0-alpha.1"
dependencies = [
 "rmf-core",
 "rmf-reconciliation",
 "rmf-runtime",
]

[[package]]
name = "rmf-reconciliation"
version = "0.2.0-alpha.1"
dependencies = [
 "rmf-core",
]

[[package]]
name = "rmf-runtime"
version = "0.2.0-alpha.1"
dependencies = [
 "rmf-reconciliation",
]
